
Microsoft Visual Studio Solution File, Format Version 12.00
# Visual Studio Version 16
VisualStudioVersion = 16.0.31402.337
MinimumVisualStudioVersion = 10.0.40219.1
Project("{FAE04EC0-301F-11D3-BF4B-00C04F79EFBC}") = "my-Brixtonbooks", "my-Brixtonbooks\my-Brixtonbooks.csproj", "{E671E54D-E83E-4539-988F-32F93D3F98B4}"
EndProject
Global
	GlobalSection(SolutionConfigurationPlatforms) = preSolution
		Debug|Any CPU = Debug|Any CPU
		Release|Any CPU = Release|Any CPU
	EndGlobalSection
	GlobalSection(ProjectConfigurationPlatforms) = postSolution
		{E671E54D-E83E-4539-988F-32F93D3F98B4}.Debug|Any CPU.ActiveCfg = Debug|Any CPU
		{E671E54D-E83E-4539-988F-32F93D3F98B4}.Debug|Any CPU.Build.0 = Debug|Any CPU
		{E671E54D-E83E-4539-988F-32F93D3F98B4}.Release|Any CPU.ActiveCfg = Release|Any CPU
		{E671E54D-E83E-4539-988F-32F93D3F98B4}.Release|Any CPU.Build.0 = Release|Any CPU
	EndGlobalSection
	GlobalSection(SolutionProperties) = preSolution
		HideSolutionNode = FALSE
	EndGlobalSection
	GlobalSection(ExtensibilityGlobals) = postSolution
		SolutionGuid = {6B48CFFD-AE20-4385-9807-D80A775B15D3}
	EndGlobalSection
EndGlobal
